
Microsoft Visual Studio Solution File, Format Version 12.00
# Visual Studio Version 17
VisualStudioVersion = 17.11.35219.272
MinimumVisualStudioVersion = 10.0.40219.1
Project("{FAE04EC0-301F-11D3-BF4B-00C04F79EFBC}") = "tp-web", "tp-web\tp-web.csproj", "{2E142CFD-280A-4047-9CE8-BD6036E02136}"
EndProject
Project("{FAE04EC0-301F-11D3-BF4B-00C04F79EFBC}") = "dominio", "dominio\dominio.csproj", "{257661C4-9836-424A-BDE0-5685B3739085}"
EndProject
Project("{FAE04EC0-301F-11D3-BF4B-00C04F79EFBC}") = "negocio", "negocio\negocio.csproj", "{3A01243C-5855-4E11-8DCF-C8BB1B795D1D}"
EndProject
Global
	GlobalSection(SolutionConfigurationPlatforms) = preSolution
		Debug|Any CPU = Debug|Any CPU
		Release|Any CPU = Release|Any CPU
	EndGlobalSection
	GlobalSection(ProjectConfigurationPlatforms) = postSolution
		{2E142CFD-280A-4047-9CE8-BD6036E02136}.Debug|Any CPU.ActiveCfg = Debug|Any CPU
		{2E142CFD-280A-4047-9CE8-BD6036E02136}.Debug|Any CPU.Build.0 = Debug|Any CPU
		{2E142CFD-280A-4047-9CE8-BD6036E02136}.Release|Any CPU.ActiveCfg = Release|Any CPU
		{2E142CFD-280A-4047-9CE8-BD6036E02136}.Release|Any CPU.Build.0 = Release|Any CPU
		{257661C4-9836-424A-BDE0-5685B3739085}.Debug|Any CPU.ActiveCfg = Debug|Any CPU
		{257661C4-9836-424A-BDE0-5685B3739085}.Debug|Any CPU.Build.0 = Debug|Any CPU
		{257661C4-9836-424A-BDE0-5685B3739085}.Release|Any CPU.ActiveCfg = Release|Any CPU
		{257661C4-9836-424A-BDE0-5685B3739085}.Release|Any CPU.Build.0 = Release|Any CPU
		{3A01243C-5855-4E11-8DCF-C8BB1B795D1D}.Debug|Any CPU.ActiveCfg = Debug|Any CPU
		{3A01243C-5855-4E11-8DCF-C8BB1B795D1D}.Debug|Any CPU.Build.0 = Debug|Any CPU
		{3A01243C-5855-4E11-8DCF-C8BB1B795D1D}.Release|Any CPU.ActiveCfg = Release|Any CPU
		{3A01243C-5855-4E11-8DCF-C8BB1B795D1D}.Release|Any CPU.Build.0 = Release|Any CPU
	EndGlobalSection
	GlobalSection(SolutionProperties) = preSolution
		HideSolutionNode = FALSE
	EndGlobalSection
	GlobalSection(ExtensibilityGlobals) = postSolution
		SolutionGuid = {C7A18066-A8E1-49B3-AE99-C34ADD887850}
	EndGlobalSection
EndGlobal
